
Microsoft Visual Studio Solution File, Format Version 12.00
# Visual Studio 14
VisualStudioVersion = 14.0.25420.1
MinimumVisualStudioVersion = 10.0.40219.1
Project("{FAE04EC0-301F-11D3-BF4B-00C04F79EFBC}") = "csharp-metar-display", "csharp-metar-display\csharp-metar-display.csproj", "{D919F5E8-F778-4797-9358-0451376257B1}"
EndProject
Project("{FAE04EC0-301F-11D3-BF4B-00C04F79EFBC}") = "csharp-metar-display.cmd", "csharp-metar-display.cmd\csharp-metar-display.cmd.csproj", "{BC487DDA-5B94-47DA-859D-A835905447E6}"
EndProject
Project("{FAE04EC0-301F-11D3-BF4B-00C04F79EFBC}") = "csharp-metar-display.tests", "csharp-metar-display.tests\csharp-metar-display.tests.csproj", "{E447718B-2715-4760-818E-AEECA6A4D6F4}"
EndProject
Global
	GlobalSection(SolutionConfigurationPlatforms) = preSolution
		Debug|Any CPU = Debug|Any CPU
		Release|Any CPU = Release|Any CPU
	EndGlobalSection
	GlobalSection(ProjectConfigurationPlatforms) = postSolution
		{D919F5E8-F778-4797-9358-0451376257B1}.Debug|Any CPU.ActiveCfg = Debug|Any CPU
		{D919F5E8-F778-4797-9358-0451376257B1}.Debug|Any CPU.Build.0 = Debug|Any CPU
		{D919F5E8-F778-4797-9358-0451376257B1}.Release|Any CPU.ActiveCfg = Release|Any CPU
		{D919F5E8-F778-4797-9358-0451376257B1}.Release|Any CPU.Build.0 = Release|Any CPU
		{BC487DDA-5B94-47DA-859D-A835905447E6}.Debug|Any CPU.ActiveCfg = Debug|Any CPU
		{BC487DDA-5B94-47DA-859D-A835905447E6}.Debug|Any CPU.Build.0 = Debug|Any CPU
		{BC487DDA-5B94-47DA-859D-A835905447E6}.Release|Any CPU.ActiveCfg = Release|Any CPU
		{BC487DDA-5B94-47DA-859D-A835905447E6}.Release|Any CPU.Build.0 = Release|Any CPU
		{E447718B-2715-4760-818E-AEECA6A4D6F4}.Debug|Any CPU.ActiveCfg = Debug|Any CPU
		{E447718B-2715-4760-818E-AEECA6A4D6F4}.Debug|Any CPU.Build.0 = Debug|Any CPU
		{E447718B-2715-4760-818E-AEECA6A4D6F4}.Release|Any CPU.ActiveCfg = Release|Any CPU
		{E447718B-2715-4760-818E-AEECA6A4D6F4}.Release|Any CPU.Build.0 = Release|Any CPU
	EndGlobalSection
	GlobalSection(SolutionProperties) = preSolution
		HideSolutionNode = FALSE
	EndGlobalSection
EndGlobal
